
Microsoft Visual Studio Solution File, Format Version 12.00
# Visual Studio Version 17
VisualStudioVersion = 17.7.34031.279
MinimumVisualStudioVersion = 10.0.40219.1
Project("{FAE04EC0-301F-11D3-BF4B-00C04F79EFBC}") = "Async Method", "ConsoleApp6\Async Method.csproj", "{A67A1D12-2031-4DD9-9DD3-779EBBB5D211}"
EndProject
Project("{2150E333-8FDC-42A3-9474-1A3956D46DE8}") = "Sichronnyi method", "Sichronnyi method", "{3A398098-17A5-4234-8699-8E1AB77476BB}"
EndProject
Project("{FAE04EC0-301F-11D3-BF4B-00C04F79EFBC}") = "ConsoleApp1", "ConsoleApp1\ConsoleApp1.csproj", "{AC19C43C-8179-4BE8-B3EC-FF662702EE90}"
EndProject
Global
	GlobalSection(SolutionConfigurationPlatforms) = preSolution
		Debug|Any CPU = Debug|Any CPU
		Release|Any CPU = Release|Any CPU
	EndGlobalSection
	GlobalSection(ProjectConfigurationPlatforms) = postSolution
		{A67A1D12-2031-4DD9-9DD3-779EBBB5D211}.Debug|Any CPU.ActiveCfg = Debug|Any CPU
		{A67A1D12-2031-4DD9-9DD3-779EBBB5D211}.Debug|Any CPU.Build.0 = Debug|Any CPU
		{A67A1D12-2031-4DD9-9DD3-779EBBB5D211}.Release|Any CPU.ActiveCfg = Release|Any CPU
		{A67A1D12-2031-4DD9-9DD3-779EBBB5D211}.Release|Any CPU.Build.0 = Release|Any CPU
		{AC19C43C-8179-4BE8-B3EC-FF662702EE90}.Debug|Any CPU.ActiveCfg = Debug|Any CPU
		{AC19C43C-8179-4BE8-B3EC-FF662702EE90}.Debug|Any CPU.Build.0 = Debug|Any CPU
		{AC19C43C-8179-4BE8-B3EC-FF662702EE90}.Release|Any CPU.ActiveCfg = Release|Any CPU
		{AC19C43C-8179-4BE8-B3EC-FF662702EE90}.Release|Any CPU.Build.0 = Release|Any CPU
	EndGlobalSection
	GlobalSection(SolutionProperties) = preSolution
		HideSolutionNode = FALSE
	EndGlobalSection
	GlobalSection(NestedProjects) = preSolution
		{AC19C43C-8179-4BE8-B3EC-FF662702EE90} = {3A398098-17A5-4234-8699-8E1AB77476BB}
	EndGlobalSection
	GlobalSection(ExtensibilityGlobals) = postSolution
		SolutionGuid = {B59D2EBE-4FE4-4115-A2FD-2B41BC04741F}
	EndGlobalSection
EndGlobal
